Microsoft Visual Studio Solution File, Format Version 12.00
# Visual Studio 2012
Project("{FAE04EC0-301F-11D3-BF4B-00C04F79EFBC}") = "Shuttle.Scheduling", "Shuttle.Scheduling\Shuttle.Scheduling.csproj", "{EBB6B69C-7B98-44D9-9EB1-16029FC1237E}"
EndProject
Project("{FAE04EC0-301F-11D3-BF4B-00C04F79EFBC}") = "Shuttle.Scheduling.Server", "Shuttle.Scheduling.Server\Shuttle.Scheduling.Server.csproj", "{158B4F4C-5AF8-4FDC-9E3F-72DE0E01B9E4}"
EndProject
Project("{2150E333-8FDC-42A3-9474-1A3956D46DE8}") = ".nuget", ".nuget", "{774A43A6-9EAB-487F-85C2-D79050ABC1A9}"
	ProjectSection(SolutionItems) = preProject
		.nuget\NuGet.Config = .nuget\NuGet.Config
		.nuget\NuGet.exe = .nuget\NuGet.exe
		.nuget\NuGet.targets = .nuget\NuGet.targets
	EndProjectSection
EndProject
Project("{2150E333-8FDC-42A3-9474-1A3956D46DE8}") = ".build", ".build", "{16CE8496-FCD8-41B8-8B0F-247E98BB6E49}"
	ProjectSection(SolutionItems) = preProject
		.build\app.config = .build\app.config
		.build\package.msbuild = .build\package.msbuild
		.build\Schedule.sql = .build\Schedule.sql
		.build\Shuttle.Core.MSBuild.dll = .build\Shuttle.Core.MSBuild.dll
		.build\Shuttle.Core.MSBuild.targets = .build\Shuttle.Core.MSBuild.targets
	EndProjectSection
EndProject
Project("{2150E333-8FDC-42A3-9474-1A3956D46DE8}") = "Solution Items", "Solution Items", "{0A6C0C40-A9FC-498F-8341-EDD4AEF38CE2}"
	ProjectSection(SolutionItems) = preProject
		LICENSE = LICENSE
		README.md = README.md
	EndProjectSection
EndProject
Global
	GlobalSection(SolutionConfigurationPlatforms) = preSolution
		Debug|Any CPU = Debug|Any CPU
		Release|Any CPU = Release|Any CPU
	EndGlobalSection
	GlobalSection(ProjectConfigurationPlatforms) = postSolution
		{EBB6B69C-7B98-44D9-9EB1-16029FC1237E}.Debug|Any CPU.ActiveCfg = Debug|Any CPU
		{EBB6B69C-7B98-44D9-9EB1-16029FC1237E}.Debug|Any CPU.Build.0 = Debug|Any CPU
		{EBB6B69C-7B98-44D9-9EB1-16029FC1237E}.Release|Any CPU.ActiveCfg = Release|Any CPU
		{EBB6B69C-7B98-44D9-9EB1-16029FC1237E}.Release|Any CPU.Build.0 = Release|Any CPU
		{158B4F4C-5AF8-4FDC-9E3F-72DE0E01B9E4}.Debug|Any CPU.ActiveCfg = Debug|Any CPU
		{158B4F4C-5AF8-4FDC-9E3F-72DE0E01B9E4}.Debug|Any CPU.Build.0 = Debug|Any CPU
		{158B4F4C-5AF8-4FDC-9E3F-72DE0E01B9E4}.Release|Any CPU.ActiveCfg = Release|Any CPU
		{158B4F4C-5AF8-4FDC-9E3F-72DE0E01B9E4}.Release|Any CPU.Build.0 = Release|Any CPU
	EndGlobalSection
	GlobalSection(SolutionProperties) = preSolution
		HideSolutionNode = FALSE
	EndGlobalSection
EndGlobal
