
Microsoft Visual Studio Solution File, Format Version 12.00
# Visual Studio Version 17
VisualStudioVersion = 17.3.32929.385
MinimumVisualStudioVersion = 10.0.40219.1
Project("{9A19103F-16F7-4668-BE54-9A1E7A4F7556}") = "Shuttle.Esb.Scheduling", "Shuttle.Esb.Scheduling\Shuttle.Esb.Scheduling.csproj", "{CD05BDBF-63CB-48F1-96F8-CB75F2CF01CB}"
EndProject
Project("{9A19103F-16F7-4668-BE54-9A1E7A4F7556}") = "Shuttle.Esb.Scheduling.Server", "Shuttle.Esb.Scheduling.Server\Shuttle.Esb.Scheduling.Server.csproj", "{749E8B32-F490-48E0-B281-3CB24FCE7088}"
EndProject
Project("{9A19103F-16F7-4668-BE54-9A1E7A4F7556}") = "Shuttle.Esb.Scheduling.Messages", "Shuttle.Esb.Scheduling.Messages\Shuttle.Esb.Scheduling.Messages.csproj", "{9919D4E0-EB84-4920-B7D1-C8DA273FD4C5}"
EndProject
Project("{9A19103F-16F7-4668-BE54-9A1E7A4F7556}") = "Shuttle.Esb.Scheduling.WebApi", "Shuttle.Esb.Scheduling.WebApi\Shuttle.Esb.Scheduling.WebApi.csproj", "{51386609-3948-4D6D-B5C3-2B3F1C7E5F6F}"
EndProject
Project("{2150E333-8FDC-42A3-9474-1A3956D46DE8}") = ".package", ".package", "{7EC6DD2E-A81F-42D1-8E1D-3284B55C7921}"
	ProjectSection(SolutionItems) = preProject
		.package\package.msbuild = .package\package.msbuild
		.package\Shuttle.Esb.Scheduling.Server.appsettings.json = .package\Shuttle.Esb.Scheduling.Server.appsettings.json
		.package\Shuttle.Esb.Scheduling.Server.Dockerfile = .package\Shuttle.Esb.Scheduling.Server.Dockerfile
	EndProjectSection
EndProject
Project("{FAE04EC0-301F-11D3-BF4B-00C04F79EFBC}") = "Shuttle.Esb.Scheduling.Handlers", "Shuttle.Esb.Scheduling.Handlers\Shuttle.Esb.Scheduling.Handlers.csproj", "{AEA9B16D-5E15-4C02-A5FE-292C0762D7A0}"
EndProject
Project("{FAE04EC0-301F-11D3-BF4B-00C04F79EFBC}") = "Shuttle.Esb.Scheduling.Sql", "Shuttle.Esb.Scheduling.Sql\Shuttle.Esb.Scheduling.Sql.csproj", "{BC5A3C5F-C033-4FC1-BDFF-84109A23733C}"
EndProject
Project("{2150E333-8FDC-42A3-9474-1A3956D46DE8}") = "Solution Items", "Solution Items", "{013AF338-B0FB-4275-B7C6-F27CB8060987}"
	ProjectSection(SolutionItems) = preProject
		LICENSE = LICENSE
		README.md = README.md
	EndProjectSection
EndProject
Global
	GlobalSection(SolutionConfigurationPlatforms) = preSolution
		Debug|Any CPU = Debug|Any CPU
		Release|Any CPU = Release|Any CPU
	EndGlobalSection
	GlobalSection(ProjectConfigurationPlatforms) = postSolution
		{CD05BDBF-63CB-48F1-96F8-CB75F2CF01CB}.Debug|Any CPU.ActiveCfg = Debug|Any CPU
		{CD05BDBF-63CB-48F1-96F8-CB75F2CF01CB}.Debug|Any CPU.Build.0 = Debug|Any CPU
		{CD05BDBF-63CB-48F1-96F8-CB75F2CF01CB}.Release|Any CPU.ActiveCfg = Release|Any CPU
		{CD05BDBF-63CB-48F1-96F8-CB75F2CF01CB}.Release|Any CPU.Build.0 = Release|Any CPU
		{749E8B32-F490-48E0-B281-3CB24FCE7088}.Debug|Any CPU.ActiveCfg = Debug|Any CPU
		{749E8B32-F490-48E0-B281-3CB24FCE7088}.Debug|Any CPU.Build.0 = Debug|Any CPU
		{749E8B32-F490-48E0-B281-3CB24FCE7088}.Release|Any CPU.ActiveCfg = Release|Any CPU
		{749E8B32-F490-48E0-B281-3CB24FCE7088}.Release|Any CPU.Build.0 = Release|Any CPU
		{9919D4E0-EB84-4920-B7D1-C8DA273FD4C5}.Debug|Any CPU.ActiveCfg = Debug|Any CPU
		{9919D4E0-EB84-4920-B7D1-C8DA273FD4C5}.Debug|Any CPU.Build.0 = Debug|Any CPU
		{9919D4E0-EB84-4920-B7D1-C8DA273FD4C5}.Release|Any CPU.ActiveCfg = Release|Any CPU
		{9919D4E0-EB84-4920-B7D1-C8DA273FD4C5}.Release|Any CPU.Build.0 = Release|Any CPU
		{51386609-3948-4D6D-B5C3-2B3F1C7E5F6F}.Debug|Any CPU.ActiveCfg = Debug|Any CPU
		{51386609-3948-4D6D-B5C3-2B3F1C7E5F6F}.Debug|Any CPU.Build.0 = Debug|Any CPU
		{51386609-3948-4D6D-B5C3-2B3F1C7E5F6F}.Release|Any CPU.ActiveCfg = Release|Any CPU
		{51386609-3948-4D6D-B5C3-2B3F1C7E5F6F}.Release|Any CPU.Build.0 = Release|Any CPU
		{AEA9B16D-5E15-4C02-A5FE-292C0762D7A0}.Debug|Any CPU.ActiveCfg = Debug|Any CPU
		{AEA9B16D-5E15-4C02-A5FE-292C0762D7A0}.Debug|Any CPU.Build.0 = Debug|Any CPU
		{AEA9B16D-5E15-4C02-A5FE-292C0762D7A0}.Release|Any CPU.ActiveCfg = Release|Any CPU
		{AEA9B16D-5E15-4C02-A5FE-292C0762D7A0}.Release|Any CPU.Build.0 = Release|Any CPU
		{BC5A3C5F-C033-4FC1-BDFF-84109A23733C}.Debug|Any CPU.ActiveCfg = Debug|Any CPU
		{BC5A3C5F-C033-4FC1-BDFF-84109A23733C}.Debug|Any CPU.Build.0 = Debug|Any CPU
		{BC5A3C5F-C033-4FC1-BDFF-84109A23733C}.Release|Any CPU.ActiveCfg = Release|Any CPU
		{BC5A3C5F-C033-4FC1-BDFF-84109A23733C}.Release|Any CPU.Build.0 = Release|Any CPU
	EndGlobalSection
	GlobalSection(SolutionProperties) = preSolution
		HideSolutionNode = FALSE
	EndGlobalSection
	GlobalSection(ExtensibilityGlobals) = postSolution
		SolutionGuid = {A70F188E-2A4F-40AA-9F7D-9DAB2A50D855}
	EndGlobalSection
EndGlobal
